
Microsoft Visual Studio Solution File, Format Version 12.00
# Visual Studio 15
VisualStudioVersion = 15.0.26430.15
MinimumVisualStudioVersion = 10.0.40219.1
Project("{FAE04EC0-301F-11D3-BF4B-00C04F79EFBC}") = "ComposyGeneratorApi", "ComposyGeneratorApi\ComposyGeneratorApi.csproj", "{AD96A361-DF90-4DB0-A967-D6066FCB9DCE}"
EndProject
Project("{FAE04EC0-301F-11D3-BF4B-00C04F79EFBC}") = "ComposyGeneratorWeb", "ComposyGeneratorWeb\ComposyGeneratorWeb.csproj", "{C1CF4A2E-8686-4611-A817-BE9CD4A24244}"
EndProject
Global
	GlobalSection(SolutionConfigurationPlatforms) = preSolution
		Debug|Any CPU = Debug|Any CPU
		Release|Any CPU = Release|Any CPU
	EndGlobalSection
	GlobalSection(ProjectConfigurationPlatforms) = postSolution
		{AD96A361-DF90-4DB0-A967-D6066FCB9DCE}.Debug|Any CPU.ActiveCfg = Debug|Any CPU
		{AD96A361-DF90-4DB0-A967-D6066FCB9DCE}.Debug|Any CPU.Build.0 = Debug|Any CPU
		{AD96A361-DF90-4DB0-A967-D6066FCB9DCE}.Release|Any CPU.ActiveCfg = Release|Any CPU
		{AD96A361-DF90-4DB0-A967-D6066FCB9DCE}.Release|Any CPU.Build.0 = Release|Any CPU
		{C1CF4A2E-8686-4611-A817-BE9CD4A24244}.Debug|Any CPU.ActiveCfg = Debug|Any CPU
		{C1CF4A2E-8686-4611-A817-BE9CD4A24244}.Debug|Any CPU.Build.0 = Debug|Any CPU
		{C1CF4A2E-8686-4611-A817-BE9CD4A24244}.Release|Any CPU.ActiveCfg = Release|Any CPU
		{C1CF4A2E-8686-4611-A817-BE9CD4A24244}.Release|Any CPU.Build.0 = Release|Any CPU
	EndGlobalSection
	GlobalSection(SolutionProperties) = preSolution
		HideSolutionNode = FALSE
	EndGlobalSection
EndGlobal
